<?xml version="1.0" encoding="UTF-8" standalone="yes" ?>
<CodeBlocks_project_file>
	<FileVersion major="1" minor="6" />
	<Project>
		<Option title="midiconv" />
		<Option makefile="makefile" />
		<Option makefile_is_custom="1" />
		<Option pch_mode="2" />
		<Option compiler="gcc" />
		<MakeCommands>
			<Build command="$make -f $makefile $target" />
			<CompileFile command="$make -f $makefile $file" />
			<Clean command="$make -f $makefile clean-$target" />
			<DistClean command="$make -f $makefile distclean$target" />
			<AskRebuildNeeded command="$make -q -f $makefile $target" />
			<SilentBuild command="$make -f $makefile $target &gt; $(CMD_NULL)" />
		</MakeCommands>
		<Build>
			<Target title="linux">
				<Option output="bin/midiconv" prefix_auto="1" extension_auto="1" />
				<Option object_output="obj/Debug/" />
				<Option type="1" />
				<Option compiler="gcc" />
				<Option parameters="-x -m1 -d -p0 -l18 -o tests/delme.mid tests/midifiles/wachstum1_9ms_dynpaired.mid -y2 -w2 " />
				<Compiler>
					<Add option="-g" />
				</Compiler>
				<MakeCommands>
					<Build command="$make -f $makefile $target" />
					<CompileFile command="$make -f $makefile $file" />
					<Clean command="$make -f $makefile clean-$target" />
					<DistClean command="$make -f $makefile distclean$target" />
					<AskRebuildNeeded command="$make -q -f $makefile $target" />
					<SilentBuild command="$make -f $makefile $target &gt; $(CMD_NULL)" />
				</MakeCommands>
			</Target>
			<Target title="win">
				<Option output="bin/midiconv" prefix_auto="1" extension_auto="1" />
				<Option object_output="obj/Release/" />
				<Option type="1" />
				<Option compiler="gcc" />
				<Compiler>
					<Add option="-O2" />
				</Compiler>
				<Linker>
					<Add option="-s" />
				</Linker>
				<MakeCommands>
					<Build command="$make -f $makefile $target" />
					<CompileFile command="$make -f $makefile $file" />
					<Clean command="$make -f $makefile clean-$target" />
					<DistClean command="$make -f $makefile distclean$target" />
					<AskRebuildNeeded command="$make -q -f $makefile $target" />
					<SilentBuild command="$make -f $makefile $target &gt; $(CMD_NULL)" />
				</MakeCommands>
			</Target>
		</Build>
		<Compiler>
			<Add option="-Wall" />
		</Compiler>
		<Unit filename="README.txt" />
		<Unit filename="doku/devnotes.txt" />
		<Unit filename="makefile" />
		<Unit filename="midilib/mididefs.h" />
		<Unit filename="midilib/midifile.c">
			<Option compilerVar="CC" />
		</Unit>
		<Unit filename="midilib/midifile.h" />
		<Unit filename="src/change.c">
			<Option compilerVar="CC" />
		</Unit>
		<Unit filename="src/dynamic_pair.c">
			<Option compilerVar="CC" />
		</Unit>
		<Unit filename="src/midiconv.c">
			<Option compilerVar="CC" />
		</Unit>
		<Unit filename="src/midiconv.h" />
		<Unit filename="src/modify.c">
			<Option compilerVar="CC" />
		</Unit>
		<Unit filename="src/read.c">
			<Option compilerVar="CC" />
		</Unit>
		<Unit filename="src/simple_pair.c">
			<Option compilerVar="CC" />
		</Unit>
		<Unit filename="src/storage.c">
			<Option compilerVar="CC" />
		</Unit>
		<Extensions>
			<envvars />
			<code_completion />
			<debugger />
			<lib_finder disable_auto="1" />
		</Extensions>
	</Project>
</CodeBlocks_project_file>
